{"1.1.0",
[{<<"cowboyku">>,
  {git,"https://github.com/heroku/cowboyku.git",
       {ref,"ba7120bdb119ac676909e51f0738bde1d4fdd4ee"}},
  0},
 {<<"cowlib">>,
  {git,"https://github.com/ninenines/cowlib.git",
       {ref,"63298e8e160031a70efff86a1acde7e7db1fcda6"}},
  0},
 {<<"erequest_id">>,
  {git,"https://github.com/heroku/erequest_id.git",
       {ref,"6fae0c878f2dde809482915c8b207dc80882f7b3"}},
  0},
 {<<"midjan">>,
  {git,"https://github.com/heroku/midjan.git",
       {ref,"1499e99509a07d5d3a0fbfd412cac40c64ebce0d"}},
  0},
 {<<"quickrand">>,
  {git,"https://github.com/okeuday/quickrand.git",
       {ref,"8b6810b73427745bb6d4f10ae9bfc66983b3b2a1"}},
  1},
 {<<"ranch">>,{pkg,<<"ranch">>,<<"1.6.1">>},0},
 {<<"ranch_proxy_protocol">>,
  {pkg,<<"ranch_proxy_protocol">>,<<"2.1.0-rc.1">>},
  0},
 {<<"uuid">>,
  {git,"https://github.com/okeuday/uuid.git",
       {ref,"4b705b22f5d095970558d904e43c4354bd0e0a7f"}},
  0}]}.
[
{pkg_hash,[
 {<<"ranch">>, <<"2609724C9A7E163CA716A46C9087E037DB4262935F5D866122BA158ED917C233">>},
 {<<"ranch_proxy_protocol">>, <<"E39D5F2B42C1599AC5604E8BC420D7BF00D0FEF0E272DFD3321660770A909211">>}]}
].
