[{<<"cowboyku">>,
  {git,"https://github.com/heroku/cowboyku.git",
       {ref,"60de3bca9909b59305cc69ea39b2c4e2a7e12c06"}},
  0},
 {<<"cowlib">>,
  {git,"https://github.com/ninenines/cowlib.git",
       {ref,"63298e8e160031a70efff86a1acde7e7db1fcda6"}},
  0},
 {<<"erequest_id">>,
  {git,"https://github.com/heroku/erequest_id.git",
       {ref,"6fae0c878f2dde809482915c8b207dc80882f7b3"}},
  0},
 {<<"midjan">>,
  {git,"https://github.com/heroku/midjan.git",
       {ref,"1499e99509a07d5d3a0fbfd412cac40c64ebce0d"}},
  0},
 {<<"quickrand">>,
  {git,"https://github.com/okeuday/quickrand.git",
       {ref,"8b6810b73427745bb6d4f10ae9bfc66983b3b2a1"}},
  1},
 {<<"ranch">>,
  {git,"https://github.com/ninenines/ranch.git",
       {ref,"741bfb73ca663394ecf7a73410506d66f01985a6"}},
  0},
 {<<"ranch_proxy_protocol">>,
  {git,"https://github.com/heroku/ranch_proxy_protocol.git",
       {ref,"0129227305a5b41f0875b337ac75f02f613f81c1"}},
  0},
 {<<"uuid">>,
  {git,"https://github.com/okeuday/uuid.git",
       {ref,"4b705b22f5d095970558d904e43c4354bd0e0a7f"}},
  0}].
