[{<<"cowboyku">>,
  {git,"https://github.com/heroku/cowboyku.git",
       {ref,"ca64d29abe15c1522ba77283f15de20677aa5889"}},
  0},
 {<<"cowlib">>,
  {git,"https://github.com/ninenines/cowlib.git",
       {ref,"63298e8e160031a70efff86a1acde7e7db1fcda6"}},
  0},
 {<<"erequest_id">>,
  {git,"https://github.com/heroku/erequest_id.git",
       {ref,"e24f250c119e14975eff038ac30b2f9f7d1ceefa"}},
  0},
 {<<"midjan">>,
  {git,"https://github.com/heroku/midjan.git",
       {ref,"1499e99509a07d5d3a0fbfd412cac40c64ebce0d"}},
  0},
 {<<"quickrand">>,
  {git,"https://github.com/okeuday/quickrand.git",
       {ref,"b4db3b4483b73107682fc593c2bc94be922ddcda"}},
  1},
 {<<"ranch">>,
  {git,"https://github.com/ninenines/ranch.git",
       {ref,"741bfb73ca663394ecf7a73410506d66f01985a6"}},
  0},
 {<<"ranch_proxy_protocol">>,
  {git,"https://github.com/heroku/ranch_proxy_protocol.git",
       {ref,"8dc8156665129b4f5016c11af5e8f272d8e3f692"}},
  0},
 {<<"uuid">>,
  {git,"https://github.com/okeuday/uuid.git",
       {ref,"d4459ce944260e53c8a661dabff9b59177dfc7f4"}},
  0}].
